
Microsoft Visual Studio Solution File, Format Version 12.00
# Visual Studio Version 16
VisualStudioVersion = 16.0.30204.135
MinimumVisualStudioVersion = 10.0.40219.1
Project("{FAE04EC0-301F-11D3-BF4B-00C04F79EFBC}") = "EFSamurai", "EFSamurai\EFSamurai.csproj", "{D342D4FD-1383-4886-AFC1-420F5D887C64}"
EndProject
Global
	GlobalSection(SolutionConfigurationPlatforms) = preSolution
		Debug|Any CPU = Debug|Any CPU
		Release|Any CPU = Release|Any CPU
	EndGlobalSection
	GlobalSection(ProjectConfigurationPlatforms) = postSolution
		{D342D4FD-1383-4886-AFC1-420F5D887C64}.Debug|Any CPU.ActiveCfg = Debug|Any CPU
		{D342D4FD-1383-4886-AFC1-420F5D887C64}.Debug|Any CPU.Build.0 = Debug|Any CPU
		{D342D4FD-1383-4886-AFC1-420F5D887C64}.Release|Any CPU.ActiveCfg = Release|Any CPU
		{D342D4FD-1383-4886-AFC1-420F5D887C64}.Release|Any CPU.Build.0 = Release|Any CPU
	EndGlobalSection
	GlobalSection(SolutionProperties) = preSolution
		HideSolutionNode = FALSE
	EndGlobalSection
	GlobalSection(ExtensibilityGlobals) = postSolution
		SolutionGuid = {BD165ABF-4890-4F03-A94A-8147EE6855A9}
	EndGlobalSection
EndGlobal
